
Microsoft Visual Studio Solution File, Format Version 12.00
# Visual Studio Version 16
VisualStudioVersion = 16.0.31424.327
MinimumVisualStudioVersion = 10.0.40219.1
Project("{FAE04EC0-301F-11D3-BF4B-00C04F79EFBC}") = "FakerSpotter", "FakerSpotter\FakerSpotter.csproj", "{926AD431-3A25-48B8-A0B5-4B52296A4ED9}"
EndProject
Global
	GlobalSection(SolutionConfigurationPlatforms) = preSolution
		Debug|Any CPU = Debug|Any CPU
		Release|Any CPU = Release|Any CPU
	EndGlobalSection
	GlobalSection(ProjectConfigurationPlatforms) = postSolution
		{926AD431-3A25-48B8-A0B5-4B52296A4ED9}.Debug|Any CPU.ActiveCfg = Debug|Any CPU
		{926AD431-3A25-48B8-A0B5-4B52296A4ED9}.Debug|Any CPU.Build.0 = Debug|Any CPU
		{926AD431-3A25-48B8-A0B5-4B52296A4ED9}.Release|Any CPU.ActiveCfg = Release|Any CPU
		{926AD431-3A25-48B8-A0B5-4B52296A4ED9}.Release|Any CPU.Build.0 = Release|Any CPU
	EndGlobalSection
	GlobalSection(SolutionProperties) = preSolution
		HideSolutionNode = FALSE
	EndGlobalSection
	GlobalSection(ExtensibilityGlobals) = postSolution
		SolutionGuid = {C5EAD4FF-5104-4147-9474-84A4CB8D1331}
	EndGlobalSection
EndGlobal
